// !$*UTF8*$!
{
	archiveVersion = 1;
	classes = {
	};
	objectVersion = 77;
	objects = {

/* Begin PBXBuildFile section */
		0317356BF399F8D0BC68E13F /* Logger.swift in Sources */ = {isa = PBXBuildFile; fileRef = 8F1E695154A456FE4D4B4824 /* Logger.swift */; };
		07A67EEE5865B9B8B244EC6F /* GoogleDocsForm.swift in Sources */ = {isa = PBXBuildFile; fileRef = 712624D02D54A87D5337A57E /* GoogleDocsForm.swift */; };
		0A072012163598F2D4794472 /* LinearForm.swift in Sources */ = {isa = PBXBuildFile; fileRef = 015BE27172C8C8E8CA453C0F /* LinearForm.swift */; };
		0F6319EAA7957DD266B2FE8C /* LinearDestinationClient.swift in Sources */ = {isa = PBXBuildFile; fileRef = 873A36F8B051AB9D865E8CF9 /* LinearDestinationClient.swift */; };
		11F4951F8795760EA3D5CD95 /* MainView.swift in Sources */ = {isa = PBXBuildFile; fileRef = E47BFE6639A24E4E46BE2235 /* MainView.swift */; };
		12FEE73812A55C9F6A6B89DD /* MarkdownDestinationClientTests.swift in Sources */ = {isa = PBXBuildFile; fileRef = A99FB2354B5CE2124647A6E4 /* MarkdownDestinationClientTests.swift */; };
		25E387422C298C0076E75E9F /* OcrProvider.swift in Sources */ = {isa = PBXBuildFile; fileRef = 644ADECDE8A967EA9BEA8AED /* OcrProvider.swift */; };
		2F8F838F6A1773F73C6F22B8 /* Formatters.swift in Sources */ = {isa = PBXBuildFile; fileRef = 54B46C01F84B43FA8707399A /* Formatters.swift */; };
		31DB412761D2396F11E362CC /* RulesEngine.swift in Sources */ = {isa = PBXBuildFile; fileRef = 59D886F27AD4DA472D98DA13 /* RulesEngine.swift */; };
		3706C4EBB70C7B5175028507 /* MarkdownForm.swift in Sources */ = {isa = PBXBuildFile; fileRef = 65516765313F0E55BF241657 /* MarkdownForm.swift */; };
		39EFEDD6F9A59DA7164A9F62 /* LedgerCascadeTests.swift in Sources */ = {isa = PBXBuildFile; fileRef = 913D223CC2786D333305850B /* LedgerCascadeTests.swift */; };
		3AF34BABC8EFCE873C8AEEAE /* OAuthWebSession.swift in Sources */ = {isa = PBXBuildFile; fileRef = CABFB3B826E7B8CDA630E702 /* OAuthWebSession.swift */; };
		3DAE612C0C0C6BCB4F3805C1 /* OAuthHelpersTests.swift in Sources */ = {isa = PBXBuildFile; fileRef = C297E91B806BECC09014AC91 /* OAuthHelpersTests.swift */; };
		43EA3BF9484643FE4A6A005A /* GoogleAuthService.swift in Sources */ = {isa = PBXBuildFile; fileRef = E0682C06563EEFFEC0C5CCCF /* GoogleAuthService.swift */; };
		4A31D076000D598390DDB635 /* RealRemarkableClient.swift in Sources */ = {isa = PBXBuildFile; fileRef = 67D3F41CF5EE5FBE9AC899C3 /* RealRemarkableClient.swift */; };
		4D485462A44E6DD3C96D11B9 /* SyncBarApp.swift in Sources */ = {isa = PBXBuildFile; fileRef = FEFD9EA003035E2109ABC104 /* SyncBarApp.swift */; };
		4D8224066BCE6E49B79B0868 /* DestinationBindingTests.swift in Sources */ = {isa = PBXBuildFile; fileRef = 5C663ED19DF809341FC63A77 /* DestinationBindingTests.swift */; };
		4EF57B05F0BAC415B81FD277 /* GoogleAuthServiceTests.swift in Sources */ = {isa = PBXBuildFile; fileRef = BCB6B94582CDAEBA5778E82F /* GoogleAuthServiceTests.swift */; };
		4FDD38B3C0C1B27C04CF6B32 /* GoogleDocsDestinationClient.swift in Sources */ = {isa = PBXBuildFile; fileRef = 93702AD8E6ACD9DEED471B22 /* GoogleDocsDestinationClient.swift */; };
		514A484C8F452D9114493311 /* KeychainAccess in Frameworks */ = {isa = PBXBuildFile; productRef = 2F64587A3E2A92BCECDDD46D /* KeychainAccess */; };
		519C7D0D043D12B186DC919D /* WelcomeView.swift in Sources */ = {isa = PBXBuildFile; fileRef = 75FF2A02D8E9C43F34A6397D /* WelcomeView.swift */; };
		52D0E83E38E9BD3711A76577 /* AppleNotesEscapingTests.swift in Sources */ = {isa = PBXBuildFile; fileRef = 98FD97F7C88F408F1F44C335 /* AppleNotesEscapingTests.swift */; };
		52D93112083E3EBED2507191 /* OCRPrompts.swift in Sources */ = {isa = PBXBuildFile; fileRef = 22E7ADBDAAA5D7B23BD16C9A /* OCRPrompts.swift */; };
		5489F0C68B74E79E41BC45EF /* SyncLogView.swift in Sources */ = {isa = PBXBuildFile; fileRef = 8376C5F34C106E956590E4B1 /* SyncLogView.swift */; };
		59E90EEF273D767A050E8A50 /* AppleNotesDestinationClient.swift in Sources */ = {isa = PBXBuildFile; fileRef = 4E57779ABEFEEB405D915F1A /* AppleNotesDestinationClient.swift */; };
		5F9BB24EDA8437DA9AC4C606 /* KeychainStore.swift in Sources */ = {isa = PBXBuildFile; fileRef = 43AD3211AE69E56902FBD334 /* KeychainStore.swift */; };
		62895DAA1D7EFEA1381A5862 /* RuleSheetView.swift in Sources */ = {isa = PBXBuildFile; fileRef = BE043A9F1364DCD237B78E42 /* RuleSheetView.swift */; };
		66C2C18339DAED75B09963BC /* NotionAuthService.swift in Sources */ = {isa = PBXBuildFile; fileRef = 99CF0CDE62FA03E05E406BA0 /* NotionAuthService.swift */; };
		6897BD419FFF87C144D978DC /* LinearAuthService.swift in Sources */ = {isa = PBXBuildFile; fileRef = 7310BB24381D7FBBDD94FA78 /* LinearAuthService.swift */; };
		6BCEA4E229FD5280A2F131DE /* UpdaterManager.swift in Sources */ = {isa = PBXBuildFile; fileRef = D2ADBF0E79D5FC9908DE7B95 /* UpdaterManager.swift */; };
		6DD2A25603DEC4202182EA7A /* AppDelegate.swift in Sources */ = {isa = PBXBuildFile; fileRef = 6F53B70F1743DACE7E816DD6 /* AppDelegate.swift */; };
		6F8F4234ED74941C9ECCB519 /* LaunchAtLoginManager.swift in Sources */ = {isa = PBXBuildFile; fileRef = 1BD47E595541F59D5EAFB278 /* LaunchAtLoginManager.swift */; };
		7257F3A2F2A5B2FDB06A0DB3 /* AddDestinationSheet.swift in Sources */ = {isa = PBXBuildFile; fileRef = E42A05227FA2655627B6FC96 /* AddDestinationSheet.swift */; };
		7457DF4FEDB69078C22C13C3 /* AppleNotesForm.swift in Sources */ = {isa = PBXBuildFile; fileRef = 4BB8D921353820EA9E4552A3 /* AppleNotesForm.swift */; };
		74BB3490E315DB57A3BECE26 /* SyncLogDrawer.swift in Sources */ = {isa = PBXBuildFile; fileRef = 2DF72F18FD45767FDA376B13 /* SyncLogDrawer.swift */; };
		780377FF5F9CA88F4BF88E6A /* Domain.swift in Sources */ = {isa = PBXBuildFile; fileRef = 37065A256C5A9DFF561089B0 /* Domain.swift */; };
		7AC09EDF10507ED5B1013A38 /* RemarkableSyncIndex.swift in Sources */ = {isa = PBXBuildFile; fileRef = D42A431C5B879C16FCCE71A3 /* RemarkableSyncIndex.swift */; };
		80BFF32A3A540510EEE99CF1 /* RemarkableLinesV6.swift in Sources */ = {isa = PBXBuildFile; fileRef = E49ED1DC7C25D2BF783BFA1A /* RemarkableLinesV6.swift */; };
		820FB2B0386AEB0C36F9C376 /* NotionForm.swift in Sources */ = {isa = PBXBuildFile; fileRef = C6B503BB49AF98F4D09270E8 /* NotionForm.swift */; };
		885A367BA60B251852D06A0B /* RealNotionClient.swift in Sources */ = {isa = PBXBuildFile; fileRef = D356EEF94DFCF3A903D21522 /* RealNotionClient.swift */; };
		8B62698B57D3D1D8D64EC97F /* DestinationClient.swift in Sources */ = {isa = PBXBuildFile; fileRef = 774AE058B8422F416F1A507D /* DestinationClient.swift */; };
		8E7E5F470BFEF7422DBC5440 /* LoopbackOAuthServer.swift in Sources */ = {isa = PBXBuildFile; fileRef = 13EE7BE52C839A10E86BF998 /* LoopbackOAuthServer.swift */; };
		9334DBD00A36BF2FE391A59C /* DetailViews.swift in Sources */ = {isa = PBXBuildFile; fileRef = EA06F3A46C043D44C653ECB5 /* DetailViews.swift */; };
		9519B163D9630BFE4626B467 /* RulesEngineTests.swift in Sources */ = {isa = PBXBuildFile; fileRef = 7F3F406C38571961024841B9 /* RulesEngineTests.swift */; };
		9585FB62A70C1F3533EBDE94 /* MenuBarPopover.swift in Sources */ = {isa = PBXBuildFile; fileRef = 3325A9CDE82591C2AC6D0698 /* MenuBarPopover.swift */; };
		95B727EA879D78DF719351F6 /* Ledger.swift in Sources */ = {isa = PBXBuildFile; fileRef = D39AFC278A9B7379EFD94CFF /* Ledger.swift */; };
		99BA1553433F84E58244F3A4 /* BindingEditorSheet.swift in Sources */ = {isa = PBXBuildFile; fileRef = 623C2D910738108DFECB71BC /* BindingEditorSheet.swift */; };
		9B208718033008270892746B /* NotificationNames.swift in Sources */ = {isa = PBXBuildFile; fileRef = 96E699B676269EF54B978D50 /* NotificationNames.swift */; };
		A128ECDCDF532BDEAFFDE8BF /* Images.xcassets in Resources */ = {isa = PBXBuildFile; fileRef = 8503C8FBDA961A3CFBDD29CA /* Images.xcassets */; };
		A137034C16BAC7AF902CBD37 /* MarkdownDestinationClient.swift in Sources */ = {isa = PBXBuildFile; fileRef = 991E8ED98AE703836B30F900 /* MarkdownDestinationClient.swift */; };
		A273938A1674507BFEF712B9 /* SettingsView.swift in Sources */ = {isa = PBXBuildFile; fileRef = 004CBE6696FFA10891D480C7 /* SettingsView.swift */; };
		A533C596066618B9A7449302 /* Destinations.swift in Sources */ = {isa = PBXBuildFile; fileRef = 8793069CEF79252D70C0C399 /* Destinations.swift */; };
		A7ED868360B65ED45B6C5145 /* SyncCoordinatorTests.swift in Sources */ = {isa = PBXBuildFile; fileRef = AC9A76CA7858E7A01C12134E /* SyncCoordinatorTests.swift */; };
		A82BA96DBC8EC84F3E17E46E /* SettingsDrawer.swift in Sources */ = {isa = PBXBuildFile; fileRef = 113AD09B08AB2C6078DF2728 /* SettingsDrawer.swift */; };
		AC44E658D7B6D4594CD45F36 /* SyncCoordinator.swift in Sources */ = {isa = PBXBuildFile; fileRef = 0FDC83A95E23CB2EA0E45609 /* SyncCoordinator.swift */; };
		AC9DEB8B767CDB4168E73C15 /* ThemeStore.swift in Sources */ = {isa = PBXBuildFile; fileRef = BF62DA5A61D6FE325549218D /* ThemeStore.swift */; };
		AEB2D204F6366000C95C1BFE /* OCRPromptsTests.swift in Sources */ = {isa = PBXBuildFile; fileRef = 0D2F445A8C8046987A1CC9ED /* OCRPromptsTests.swift */; };
		B5D78B69D49D8B66D1276A79 /* NotionClient.swift in Sources */ = {isa = PBXBuildFile; fileRef = A2838E54C9EAAAA4978BFB5B /* NotionClient.swift */; };
		B9F1110EEED3F1E1E3D2BFF1 /* NotebookListView.swift in Sources */ = {isa = PBXBuildFile; fileRef = E11EE9CCE725D1F32FF24E6F /* NotebookListView.swift */; };
		BBF4696E4605835F7BEC6410 /* TitleTemplateTests.swift in Sources */ = {isa = PBXBuildFile; fileRef = DEB1629E84D5C9EC196D5FD3 /* TitleTemplateTests.swift */; };
		BDF93CB5546DBDE5632AD6CC /* DestinationDetailScaffold.swift in Sources */ = {isa = PBXBuildFile; fileRef = 222BBDA47F08D1647F102365 /* DestinationDetailScaffold.swift */; };
		C0AF1653FFC346827702449E /* NotionColumnMappingRow.swift in Sources */ = {isa = PBXBuildFile; fileRef = ADC5D0811A20FDF5C91A5760 /* NotionColumnMappingRow.swift */; };
		C399D6211C519094F5C46471 /* SharedComponents.swift in Sources */ = {isa = PBXBuildFile; fileRef = E707DFDBD3E8276D9953FBA5 /* SharedComponents.swift */; };
		C5CFF2484571BE451F5271D0 /* Sidebar.swift in Sources */ = {isa = PBXBuildFile; fileRef = 8605F7A89BE6BF56F3A8E707 /* Sidebar.swift */; };
		CCD0A8EAEC6BEA313FF08030 /* BindingFormState.swift in Sources */ = {isa = PBXBuildFile; fileRef = 393D35B243A4FE3D25A29DB8 /* BindingFormState.swift */; };
		CF1412CBCCB5C7BFD9141064 /* NotionDestinationClient.swift in Sources */ = {isa = PBXBuildFile; fileRef = E55837025EAB8E7A2A90E9ED /* NotionDestinationClient.swift */; };
		D0241AA38EFDA7BCA467A245 /* NotionAuthServiceTests.swift in Sources */ = {isa = PBXBuildFile; fileRef = DC9FAAF9E50F1FA2CF810B9E /* NotionAuthServiceTests.swift */; };
		D6204268D20A8F5F3AFCAD4F /* Sparkle in Frameworks */ = {isa = PBXBuildFile; productRef = 6F4F4D61CB3B30D505DADB44 /* Sparkle */; };
		D7A06B2ACC1BE2E2E35A627E /* CloudKitLedger.swift in Sources */ = {isa = PBXBuildFile; fileRef = BD96C37592F6ADA4EC863EB2 /* CloudKitLedger.swift */; };
		D848045BEEA61D415DDB1845 /* AuthSecrets.swift in Sources */ = {isa = PBXBuildFile; fileRef = 37FC5AC50DCC0A7CF3F9CE2D /* AuthSecrets.swift */; };
		DA1C322FBB91CB81B9E2C526 /* RemarkableRenderer.swift in Sources */ = {isa = PBXBuildFile; fileRef = ADEBCEC8F6AF535A704B45C1 /* RemarkableRenderer.swift */; };
		E97E7F1A9A179CBD113AB0BA /* NotionPropertyMappingTests.swift in Sources */ = {isa = PBXBuildFile; fileRef = 97B788096E69ECBB109C23C1 /* NotionPropertyMappingTests.swift */; };
		EA2F064A2B09EF229ED066A0 /* LinearAuthServiceTests.swift in Sources */ = {isa = PBXBuildFile; fileRef = 13E644874C58391252618543 /* LinearAuthServiceTests.swift */; };
		ECAEA6509984388227E1AA6F /* RemarkableSyncIndexTests.swift in Sources */ = {isa = PBXBuildFile; fileRef = E56FE7F2E50FE06D408BE6C5 /* RemarkableSyncIndexTests.swift */; };
		F0A5C6D90C891A583E9793B7 /* AppSettings.swift in Sources */ = {isa = PBXBuildFile; fileRef = E4BCFEE9C73DA810EC5934D2 /* AppSettings.swift */; };
		F131A38FDE6FBDEDFB26E284 /* TitleTemplate.swift in Sources */ = {isa = PBXBuildFile; fileRef = 6AD1E9AA1AE810DBD840F804 /* TitleTemplate.swift */; };
		F4423A84714DC3804ADA4B66 /* RemarkableLinesV6Tests.swift in Sources */ = {isa = PBXBuildFile; fileRef = D7770E62AA496779B381D4D9 /* RemarkableLinesV6Tests.swift */; };
		F94C29A150CA84DB0E02B97C /* HTTP.swift in Sources */ = {isa = PBXBuildFile; fileRef = CD35EDD12900E21C8AABC4D3 /* HTTP.swift */; };
		FBBE2302A17BECCA49B31C24 /* RemarkableClient.swift in Sources */ = {isa = PBXBuildFile; fileRef = BC6D3CC198316CD9A5FBA067 /* RemarkableClient.swift */; };
/* End PBXBuildFile section */

/* Begin PBXContainerItemProxy section */
		83DE9CCFF4F9BA6BF42CE202 /* PBXContainerItemProxy */ = {
			isa = PBXContainerItemProxy;
			containerPortal = F6B0015529074DF29F12918E /* Project object */;
			proxyType = 1;
			remoteGlobalIDString = 04919D39F5C90B60C332D8FF;
			remoteInfo = SyncBar;
		};
/* End PBXContainerItemProxy section */

/* Begin PBXFileReference section */
		004CBE6696FFA10891D480C7 /* SettingsView.swift */ = {isa = PBXFileReference; lastKnownFileType = sourcecode.swift; path = SettingsView.swift; sourceTree = "<group>"; };
		015BE27172C8C8E8CA453C0F /* LinearForm.swift */ = {isa = PBXFileReference; lastKnownFileType = sourcecode.swift; path = LinearForm.swift; sourceTree = "<group>"; };
		0D2F445A8C8046987A1CC9ED /* OCRPromptsTests.swift */ = {isa = PBXFileReference; lastKnownFileType = sourcecode.swift; path = OCRPromptsTests.swift; sourceTree = "<group>"; };
		0FDC83A95E23CB2EA0E45609 /* SyncCoordinator.swift */ = {isa = PBXFileReference; lastKnownFileType = sourcecode.swift; path = SyncCoordinator.swift; sourceTree = "<group>"; };
		113AD09B08AB2C6078DF2728 /* SettingsDrawer.swift */ = {isa = PBXFileReference; lastKnownFileType = sourcecode.swift; path = SettingsDrawer.swift; sourceTree = "<group>"; };
		13E644874C58391252618543 /* LinearAuthServiceTests.swift */ = {isa = PBXFileReference; lastKnownFileType = sourcecode.swift; path = LinearAuthServiceTests.swift; sourceTree = "<group>"; };
		13EE7BE52C839A10E86BF998 /* LoopbackOAuthServer.swift */ = {isa = PBXFileReference; lastKnownFileType = sourcecode.swift; path = LoopbackOAuthServer.swift; sourceTree = "<group>"; };
		1BD47E595541F59D5EAFB278 /* LaunchAtLoginManager.swift */ = {isa = PBXFileReference; lastKnownFileType = sourcecode.swift; path = LaunchAtLoginManager.swift; sourceTree = "<group>"; };
		21DAE03BA853301C8C1D49A7 /* SyncBar.app */ = {isa = PBXFileReference; explicitFileType = wrapper.application; includeInIndex = 0; path = SyncBar.app; sourceTree = BUILT_PRODUCTS_DIR; };
		222BBDA47F08D1647F102365 /* DestinationDetailScaffold.swift */ = {isa = PBXFileReference; lastKnownFileType = sourcecode.swift; path = DestinationDetailScaffold.swift; sourceTree = "<group>"; };
		22E7ADBDAAA5D7B23BD16C9A /* OCRPrompts.swift */ = {isa = PBXFileReference; lastKnownFileType = sourcecode.swift; path = OCRPrompts.swift; sourceTree = "<group>"; };
		2DF72F18FD45767FDA376B13 /* SyncLogDrawer.swift */ = {isa = PBXFileReference; lastKnownFileType = sourcecode.swift; path = SyncLogDrawer.swift; sourceTree = "<group>"; };
		3325A9CDE82591C2AC6D0698 /* MenuBarPopover.swift */ = {isa = PBXFileReference; lastKnownFileType = sourcecode.swift; path = MenuBarPopover.swift; sourceTree = "<group>"; };
		37065A256C5A9DFF561089B0 /* Domain.swift */ = {isa = PBXFileReference; lastKnownFileType = sourcecode.swift; path = Domain.swift; sourceTree = "<group>"; };
		37FC5AC50DCC0A7CF3F9CE2D /* AuthSecrets.swift */ = {isa = PBXFileReference; lastKnownFileType = sourcecode.swift; path = AuthSecrets.swift; sourceTree = "<group>"; };
		393D35B243A4FE3D25A29DB8 /* BindingFormState.swift */ = {isa = PBXFileReference; lastKnownFileType = sourcecode.swift; path = BindingFormState.swift; sourceTree = "<group>"; };
		43AD3211AE69E56902FBD334 /* KeychainStore.swift */ = {isa = PBXFileReference; lastKnownFileType = sourcecode.swift; path = KeychainStore.swift; sourceTree = "<group>"; };
		4BB8D921353820EA9E4552A3 /* AppleNotesForm.swift */ = {isa = PBXFileReference; lastKnownFileType = sourcecode.swift; path = AppleNotesForm.swift; sourceTree = "<group>"; };
		4E57779ABEFEEB405D915F1A /* AppleNotesDestinationClient.swift */ = {isa = PBXFileReference; lastKnownFileType = sourcecode.swift; path = AppleNotesDestinationClient.swift; sourceTree = "<group>"; };
		54B46C01F84B43FA8707399A /* Formatters.swift */ = {isa = PBXFileReference; lastKnownFileType = sourcecode.swift; path = Formatters.swift; sourceTree = "<group>"; };
		59D886F27AD4DA472D98DA13 /* RulesEngine.swift */ = {isa = PBXFileReference; lastKnownFileType = sourcecode.swift; path = RulesEngine.swift; sourceTree = "<group>"; };
		5C663ED19DF809341FC63A77 /* DestinationBindingTests.swift */ = {isa = PBXFileReference; lastKnownFileType = sourcecode.swift; path = DestinationBindingTests.swift; sourceTree = "<group>"; };
		623C2D910738108DFECB71BC /* BindingEditorSheet.swift */ = {isa = PBXFileReference; lastKnownFileType = sourcecode.swift; path = BindingEditorSheet.swift; sourceTree = "<group>"; };
		644ADECDE8A967EA9BEA8AED /* OcrProvider.swift */ = {isa = PBXFileReference; lastKnownFileType = sourcecode.swift; path = OcrProvider.swift; sourceTree = "<group>"; };
		65516765313F0E55BF241657 /* MarkdownForm.swift */ = {isa = PBXFileReference; lastKnownFileType = sourcecode.swift; path = MarkdownForm.swift; sourceTree = "<group>"; };
		67D3F41CF5EE5FBE9AC899C3 /* RealRemarkableClient.swift */ = {isa = PBXFileReference; lastKnownFileType = sourcecode.swift; path = RealRemarkableClient.swift; sourceTree = "<group>"; };
		6AD1E9AA1AE810DBD840F804 /* TitleTemplate.swift */ = {isa = PBXFileReference; lastKnownFileType = sourcecode.swift; path = TitleTemplate.swift; sourceTree = "<group>"; };
		6F53B70F1743DACE7E816DD6 /* AppDelegate.swift */ = {isa = PBXFileReference; lastKnownFileType = sourcecode.swift; path = AppDelegate.swift; sourceTree = "<group>"; };
		712624D02D54A87D5337A57E /* GoogleDocsForm.swift */ = {isa = PBXFileReference; lastKnownFileType = sourcecode.swift; path = GoogleDocsForm.swift; sourceTree = "<group>"; };
		7310BB24381D7FBBDD94FA78 /* LinearAuthService.swift */ = {isa = PBXFileReference; lastKnownFileType = sourcecode.swift; path = LinearAuthService.swift; sourceTree = "<group>"; };
		75FF2A02D8E9C43F34A6397D /* WelcomeView.swift */ = {isa = PBXFileReference; lastKnownFileType = sourcecode.swift; path = WelcomeView.swift; sourceTree = "<group>"; };
		774AE058B8422F416F1A507D /* DestinationClient.swift */ = {isa = PBXFileReference; lastKnownFileType = sourcecode.swift; path = DestinationClient.swift; sourceTree = "<group>"; };
		7F3F406C38571961024841B9 /* RulesEngineTests.swift */ = {isa = PBXFileReference; lastKnownFileType = sourcecode.swift; path = RulesEngineTests.swift; sourceTree = "<group>"; };
		8376C5F34C106E956590E4B1 /* SyncLogView.swift */ = {isa = PBXFileReference; lastKnownFileType = sourcecode.swift; path = SyncLogView.swift; sourceTree = "<group>"; };
		8503C8FBDA961A3CFBDD29CA /* Images.xcassets */ = {isa = PBXFileReference; lastKnownFileType = folder.assetcatalog; path = Images.xcassets; sourceTree = "<group>"; };
		8605F7A89BE6BF56F3A8E707 /* Sidebar.swift */ = {isa = PBXFileReference; lastKnownFileType = sourcecode.swift; path = Sidebar.swift; sourceTree = "<group>"; };
		873A36F8B051AB9D865E8CF9 /* LinearDestinationClient.swift */ = {isa = PBXFileReference; lastKnownFileType = sourcecode.swift; path = LinearDestinationClient.swift; sourceTree = "<group>"; };
		8793069CEF79252D70C0C399 /* Destinations.swift */ = {isa = PBXFileReference; lastKnownFileType = sourcecode.swift; path = Destinations.swift; sourceTree = "<group>"; };
		8F1E695154A456FE4D4B4824 /* Logger.swift */ = {isa = PBXFileReference; lastKnownFileType = sourcecode.swift; path = Logger.swift; sourceTree = "<group>"; };
		913D223CC2786D333305850B /* LedgerCascadeTests.swift */ = {isa = PBXFileReference; lastKnownFileType = sourcecode.swift; path = LedgerCascadeTests.swift; sourceTree = "<group>"; };
		93702AD8E6ACD9DEED471B22 /* GoogleDocsDestinationClient.swift */ = {isa = PBXFileReference; lastKnownFileType = sourcecode.swift; path = GoogleDocsDestinationClient.swift; sourceTree = "<group>"; };
		96E699B676269EF54B978D50 /* NotificationNames.swift */ = {isa = PBXFileReference; lastKnownFileType = sourcecode.swift; path = NotificationNames.swift; sourceTree = "<group>"; };
		97B788096E69ECBB109C23C1 /* NotionPropertyMappingTests.swift */ = {isa = PBXFileReference; lastKnownFileType = sourcecode.swift; path = NotionPropertyMappingTests.swift; sourceTree = "<group>"; };
		98FD97F7C88F408F1F44C335 /* AppleNotesEscapingTests.swift */ = {isa = PBXFileReference; lastKnownFileType = sourcecode.swift; path = AppleNotesEscapingTests.swift; sourceTree = "<group>"; };
		991E8ED98AE703836B30F900 /* MarkdownDestinationClient.swift */ = {isa = PBXFileReference; lastKnownFileType = sourcecode.swift; path = MarkdownDestinationClient.swift; sourceTree = "<group>"; };
		99CF0CDE62FA03E05E406BA0 /* NotionAuthService.swift */ = {isa = PBXFileReference; lastKnownFileType = sourcecode.swift; path = NotionAuthService.swift; sourceTree = "<group>"; };
		A2838E54C9EAAAA4978BFB5B /* NotionClient.swift */ = {isa = PBXFileReference; lastKnownFileType = sourcecode.swift; path = NotionClient.swift; sourceTree = "<group>"; };
		A99FB2354B5CE2124647A6E4 /* MarkdownDestinationClientTests.swift */ = {isa = PBXFileReference; lastKnownFileType = sourcecode.swift; path = MarkdownDestinationClientTests.swift; sourceTree = "<group>"; };
		AC9A76CA7858E7A01C12134E /* SyncCoordinatorTests.swift */ = {isa = PBXFileReference; lastKnownFileType = sourcecode.swift; path = SyncCoordinatorTests.swift; sourceTree = "<group>"; };
		ADC5D0811A20FDF5C91A5760 /* NotionColumnMappingRow.swift */ = {isa = PBXFileReference; lastKnownFileType = sourcecode.swift; path = NotionColumnMappingRow.swift; sourceTree = "<group>"; };
		ADEBCEC8F6AF535A704B45C1 /* RemarkableRenderer.swift */ = {isa = PBXFileReference; lastKnownFileType = sourcecode.swift; path = RemarkableRenderer.swift; sourceTree = "<group>"; };
		BC6D3CC198316CD9A5FBA067 /* RemarkableClient.swift */ = {isa = PBXFileReference; lastKnownFileType = sourcecode.swift; path = RemarkableClient.swift; sourceTree = "<group>"; };
		BCB6B94582CDAEBA5778E82F /* GoogleAuthServiceTests.swift */ = {isa = PBXFileReference; lastKnownFileType = sourcecode.swift; path = GoogleAuthServiceTests.swift; sourceTree = "<group>"; };
		BD96C37592F6ADA4EC863EB2 /* CloudKitLedger.swift */ = {isa = PBXFileReference; lastKnownFileType = sourcecode.swift; path = CloudKitLedger.swift; sourceTree = "<group>"; };
		BE043A9F1364DCD237B78E42 /* RuleSheetView.swift */ = {isa = PBXFileReference; lastKnownFileType = sourcecode.swift; path = RuleSheetView.swift; sourceTree = "<group>"; };
		BE21457C8AA4D32EF0224EAF /* SyncBarTests.xctest */ = {isa = PBXFileReference; explicitFileType = wrapper.cfbundle; includeInIndex = 0; path = SyncBarTests.xctest; sourceTree = BUILT_PRODUCTS_DIR; };
		BF62DA5A61D6FE325549218D /* ThemeStore.swift */ = {isa = PBXFileReference; lastKnownFileType = sourcecode.swift; path = ThemeStore.swift; sourceTree = "<group>"; };
		C297E91B806BECC09014AC91 /* OAuthHelpersTests.swift */ = {isa = PBXFileReference; lastKnownFileType = sourcecode.swift; path = OAuthHelpersTests.swift; sourceTree = "<group>"; };
		C6B503BB49AF98F4D09270E8 /* NotionForm.swift */ = {isa = PBXFileReference; lastKnownFileType = sourcecode.swift; path = NotionForm.swift; sourceTree = "<group>"; };
		CABFB3B826E7B8CDA630E702 /* OAuthWebSession.swift */ = {isa = PBXFileReference; lastKnownFileType = sourcecode.swift; path = OAuthWebSession.swift; sourceTree = "<group>"; };
		CD35EDD12900E21C8AABC4D3 /* HTTP.swift */ = {isa = PBXFileReference; lastKnownFileType = sourcecode.swift; path = HTTP.swift; sourceTree = "<group>"; };
		D2ADBF0E79D5FC9908DE7B95 /* UpdaterManager.swift */ = {isa = PBXFileReference; lastKnownFileType = sourcecode.swift; path = UpdaterManager.swift; sourceTree = "<group>"; };
		D356EEF94DFCF3A903D21522 /* RealNotionClient.swift */ = {isa = PBXFileReference; lastKnownFileType = sourcecode.swift; path = RealNotionClient.swift; sourceTree = "<group>"; };
		D39AFC278A9B7379EFD94CFF /* Ledger.swift */ = {isa = PBXFileReference; lastKnownFileType = sourcecode.swift; path = Ledger.swift; sourceTree = "<group>"; };
		D42A431C5B879C16FCCE71A3 /* RemarkableSyncIndex.swift */ = {isa = PBXFileReference; lastKnownFileType = sourcecode.swift; path = RemarkableSyncIndex.swift; sourceTree = "<group>"; };
		D7770E62AA496779B381D4D9 /* RemarkableLinesV6Tests.swift */ = {isa = PBXFileReference; lastKnownFileType = sourcecode.swift; path = RemarkableLinesV6Tests.swift; sourceTree = "<group>"; };
		DC9FAAF9E50F1FA2CF810B9E /* NotionAuthServiceTests.swift */ = {isa = PBXFileReference; lastKnownFileType = sourcecode.swift; path = NotionAuthServiceTests.swift; sourceTree = "<group>"; };
		DEB1629E84D5C9EC196D5FD3 /* TitleTemplateTests.swift */ = {isa = PBXFileReference; lastKnownFileType = sourcecode.swift; path = TitleTemplateTests.swift; sourceTree = "<group>"; };
		E0682C06563EEFFEC0C5CCCF /* GoogleAuthService.swift */ = {isa = PBXFileReference; lastKnownFileType = sourcecode.swift; path = GoogleAuthService.swift; sourceTree = "<group>"; };
		E11EE9CCE725D1F32FF24E6F /* NotebookListView.swift */ = {isa = PBXFileReference; lastKnownFileType = sourcecode.swift; path = NotebookListView.swift; sourceTree = "<group>"; };
		E42A05227FA2655627B6FC96 /* AddDestinationSheet.swift */ = {isa = PBXFileReference; lastKnownFileType = sourcecode.swift; path = AddDestinationSheet.swift; sourceTree = "<group>"; };
		E47BFE6639A24E4E46BE2235 /* MainView.swift */ = {isa = PBXFileReference; lastKnownFileType = sourcecode.swift; path = MainView.swift; sourceTree = "<group>"; };
		E49ED1DC7C25D2BF783BFA1A /* RemarkableLinesV6.swift */ = {isa = PBXFileReference; lastKnownFileType = sourcecode.swift; path = RemarkableLinesV6.swift; sourceTree = "<group>"; };
		E4BCFEE9C73DA810EC5934D2 /* AppSettings.swift */ = {isa = PBXFileReference; lastKnownFileType = sourcecode.swift; path = AppSettings.swift; sourceTree = "<group>"; };
		E55837025EAB8E7A2A90E9ED /* NotionDestinationClient.swift */ = {isa = PBXFileReference; lastKnownFileType = sourcecode.swift; path = NotionDestinationClient.swift; sourceTree = "<group>"; };
		E56FE7F2E50FE06D408BE6C5 /* RemarkableSyncIndexTests.swift */ = {isa = PBXFileReference; lastKnownFileType = sourcecode.swift; path = RemarkableSyncIndexTests.swift; sourceTree = "<group>"; };
		E707DFDBD3E8276D9953FBA5 /* SharedComponents.swift */ = {isa = PBXFileReference; lastKnownFileType = sourcecode.swift; path = SharedComponents.swift; sourceTree = "<group>"; };
		EA06F3A46C043D44C653ECB5 /* DetailViews.swift */ = {isa = PBXFileReference; lastKnownFileType = sourcecode.swift; path = DetailViews.swift; sourceTree = "<group>"; };
		FEFD9EA003035E2109ABC104 /* SyncBarApp.swift */ = {isa = PBXFileReference; lastKnownFileType = sourcecode.swift; path = SyncBarApp.swift; sourceTree = "<group>"; };
		"TEMP_C35C3466-E495-4957-9588-38B78C88ACB1" /* Secrets.xcconfig */ = {isa = PBXFileReference; lastKnownFileType = text.xcconfig; path = Secrets.xcconfig; sourceTree = "<group>"; };
/* End PBXFileReference section */

/* Begin PBXFrameworksBuildPhase section */
		CC88CCA1847A4E5343F0010E /* Frameworks */ = {
			isa = PBXFrameworksBuildPhase;
			buildActionMask = 2147483647;
			files = (
				514A484C8F452D9114493311 /* KeychainAccess in Frameworks */,
				D6204268D20A8F5F3AFCAD4F /* Sparkle in Frameworks */,
			);
			runOnlyForDeploymentPostprocessing = 0;
		};
/* End PBXFrameworksBuildPhase section */

/* Begin PBXGroup section */
		110CB212D80BFCB8EEFD26C3 /* Views */ = {
			isa = PBXGroup;
			children = (
				E42A05227FA2655627B6FC96 /* AddDestinationSheet.swift */,
				623C2D910738108DFECB71BC /* BindingEditorSheet.swift */,
				EA06F3A46C043D44C653ECB5 /* DetailViews.swift */,
				E47BFE6639A24E4E46BE2235 /* MainView.swift */,
				3325A9CDE82591C2AC6D0698 /* MenuBarPopover.swift */,
				E11EE9CCE725D1F32FF24E6F /* NotebookListView.swift */,
				BE043A9F1364DCD237B78E42 /* RuleSheetView.swift */,
				113AD09B08AB2C6078DF2728 /* SettingsDrawer.swift */,
				004CBE6696FFA10891D480C7 /* SettingsView.swift */,
				8605F7A89BE6BF56F3A8E707 /* Sidebar.swift */,
				2DF72F18FD45767FDA376B13 /* SyncLogDrawer.swift */,
				8376C5F34C106E956590E4B1 /* SyncLogView.swift */,
				75FF2A02D8E9C43F34A6397D /* WelcomeView.swift */,
				28D963C5229FD8950EAA6E93 /* BindingForms */,
				C5C42E727E680D9E66767A09 /* Components */,
			);
			path = Views;
			sourceTree = "<group>";
		};
		28D963C5229FD8950EAA6E93 /* BindingForms */ = {
			isa = PBXGroup;
			children = (
				4BB8D921353820EA9E4552A3 /* AppleNotesForm.swift */,
				393D35B243A4FE3D25A29DB8 /* BindingFormState.swift */,
				712624D02D54A87D5337A57E /* GoogleDocsForm.swift */,
				015BE27172C8C8E8CA453C0F /* LinearForm.swift */,
				65516765313F0E55BF241657 /* MarkdownForm.swift */,
				ADC5D0811A20FDF5C91A5760 /* NotionColumnMappingRow.swift */,
				C6B503BB49AF98F4D09270E8 /* NotionForm.swift */,
			);
			path = BindingForms;
			sourceTree = "<group>";
		};
		2BEA8768984C9699C4684E67 /* Tests */ = {
			isa = PBXGroup;
			children = (
				98FD97F7C88F408F1F44C335 /* AppleNotesEscapingTests.swift */,
				5C663ED19DF809341FC63A77 /* DestinationBindingTests.swift */,
				BCB6B94582CDAEBA5778E82F /* GoogleAuthServiceTests.swift */,
				913D223CC2786D333305850B /* LedgerCascadeTests.swift */,
				13E644874C58391252618543 /* LinearAuthServiceTests.swift */,
				A99FB2354B5CE2124647A6E4 /* MarkdownDestinationClientTests.swift */,
				DC9FAAF9E50F1FA2CF810B9E /* NotionAuthServiceTests.swift */,
				97B788096E69ECBB109C23C1 /* NotionPropertyMappingTests.swift */,
				C297E91B806BECC09014AC91 /* OAuthHelpersTests.swift */,
				0D2F445A8C8046987A1CC9ED /* OCRPromptsTests.swift */,
				D7770E62AA496779B381D4D9 /* RemarkableLinesV6Tests.swift */,
				E56FE7F2E50FE06D408BE6C5 /* RemarkableSyncIndexTests.swift */,
				7F3F406C38571961024841B9 /* RulesEngineTests.swift */,
				AC9A76CA7858E7A01C12134E /* SyncCoordinatorTests.swift */,
				DEB1629E84D5C9EC196D5FD3 /* TitleTemplateTests.swift */,
			);
			path = Tests;
			sourceTree = "<group>";
		};
		32602406C419EEED266D11C6 /* Resources */ = {
			isa = PBXGroup;
			children = (
			);
			path = Resources;
			sourceTree = "<group>";
		};
		46D7EB914238DA2960B6C7A7 /* App */ = {
			isa = PBXGroup;
			children = (
				6F53B70F1743DACE7E816DD6 /* AppDelegate.swift */,
				FEFD9EA003035E2109ABC104 /* SyncBarApp.swift */,
			);
			path = App;
			sourceTree = "<group>";
		};
		509306D78584CD7C81879925 /* Destinations */ = {
			isa = PBXGroup;
			children = (
				4E57779ABEFEEB405D915F1A /* AppleNotesDestinationClient.swift */,
				93702AD8E6ACD9DEED471B22 /* GoogleDocsDestinationClient.swift */,
				873A36F8B051AB9D865E8CF9 /* LinearDestinationClient.swift */,
				991E8ED98AE703836B30F900 /* MarkdownDestinationClient.swift */,
				E55837025EAB8E7A2A90E9ED /* NotionDestinationClient.swift */,
			);
			path = Destinations;
			sourceTree = "<group>";
		};
		777618C58A1FEB33DBB8EDA8 /* Utilities */ = {
			isa = PBXGroup;
			children = (
				54B46C01F84B43FA8707399A /* Formatters.swift */,
				8F1E695154A456FE4D4B4824 /* Logger.swift */,
				96E699B676269EF54B978D50 /* NotificationNames.swift */,
			);
			path = Utilities;
			sourceTree = "<group>";
		};
		7985C217DA0C45CD038EA0FF /* Products */ = {
			isa = PBXGroup;
			children = (
				21DAE03BA853301C8C1D49A7 /* SyncBar.app */,
				BE21457C8AA4D32EF0224EAF /* SyncBarTests.xctest */,
			);
			name = Products;
			sourceTree = "<group>";
		};
		7FD0C21D5F791F0E9C3BA23A = {
			isa = PBXGroup;
			children = (
				8503C8FBDA961A3CFBDD29CA /* Images.xcassets */,
				32602406C419EEED266D11C6 /* Resources */,
				BBC2AF821A4C65201B22000F /* Source */,
				2BEA8768984C9699C4684E67 /* Tests */,
				7985C217DA0C45CD038EA0FF /* Products */,
			);
			sourceTree = "<group>";
		};
		BBC2AF821A4C65201B22000F /* Source */ = {
			isa = PBXGroup;
			children = (
				46D7EB914238DA2960B6C7A7 /* App */,
				DB71EC9765920DF4CC225A47 /* Models */,
				F086059F8B9DF713CB71E838 /* Services */,
				777618C58A1FEB33DBB8EDA8 /* Utilities */,
				110CB212D80BFCB8EEFD26C3 /* Views */,
			);
			path = Source;
			sourceTree = "<group>";
		};
		C5C42E727E680D9E66767A09 /* Components */ = {
			isa = PBXGroup;
			children = (
				222BBDA47F08D1647F102365 /* DestinationDetailScaffold.swift */,
				E707DFDBD3E8276D9953FBA5 /* SharedComponents.swift */,
			);
			path = Components;
			sourceTree = "<group>";
		};
		DB71EC9765920DF4CC225A47 /* Models */ = {
			isa = PBXGroup;
			children = (
				E4BCFEE9C73DA810EC5934D2 /* AppSettings.swift */,
				8793069CEF79252D70C0C399 /* Destinations.swift */,
				37065A256C5A9DFF561089B0 /* Domain.swift */,
				D39AFC278A9B7379EFD94CFF /* Ledger.swift */,
				BF62DA5A61D6FE325549218D /* ThemeStore.swift */,
			);
			path = Models;
			sourceTree = "<group>";
		};
		F086059F8B9DF713CB71E838 /* Services */ = {
			isa = PBXGroup;
			children = (
				37FC5AC50DCC0A7CF3F9CE2D /* AuthSecrets.swift */,
				BD96C37592F6ADA4EC863EB2 /* CloudKitLedger.swift */,
				774AE058B8422F416F1A507D /* DestinationClient.swift */,
				E0682C06563EEFFEC0C5CCCF /* GoogleAuthService.swift */,
				CD35EDD12900E21C8AABC4D3 /* HTTP.swift */,
				43AD3211AE69E56902FBD334 /* KeychainStore.swift */,
				1BD47E595541F59D5EAFB278 /* LaunchAtLoginManager.swift */,
				7310BB24381D7FBBDD94FA78 /* LinearAuthService.swift */,
				13EE7BE52C839A10E86BF998 /* LoopbackOAuthServer.swift */,
				99CF0CDE62FA03E05E406BA0 /* NotionAuthService.swift */,
				A2838E54C9EAAAA4978BFB5B /* NotionClient.swift */,
				CABFB3B826E7B8CDA630E702 /* OAuthWebSession.swift */,
				22E7ADBDAAA5D7B23BD16C9A /* OCRPrompts.swift */,
				644ADECDE8A967EA9BEA8AED /* OcrProvider.swift */,
				D356EEF94DFCF3A903D21522 /* RealNotionClient.swift */,
				67D3F41CF5EE5FBE9AC899C3 /* RealRemarkableClient.swift */,
				BC6D3CC198316CD9A5FBA067 /* RemarkableClient.swift */,
				E49ED1DC7C25D2BF783BFA1A /* RemarkableLinesV6.swift */,
				ADEBCEC8F6AF535A704B45C1 /* RemarkableRenderer.swift */,
				D42A431C5B879C16FCCE71A3 /* RemarkableSyncIndex.swift */,
				59D886F27AD4DA472D98DA13 /* RulesEngine.swift */,
				0FDC83A95E23CB2EA0E45609 /* SyncCoordinator.swift */,
				6AD1E9AA1AE810DBD840F804 /* TitleTemplate.swift */,
				D2ADBF0E79D5FC9908DE7B95 /* UpdaterManager.swift */,
				509306D78584CD7C81879925 /* Destinations */,
			);
			path = Services;
			sourceTree = "<group>";
		};
		"TEMP_435B9A1F-074C-4AF8-9F4F-A73C88BD9C9E" /* sync-bar */ = {
			isa = PBXGroup;
			children = (
				"TEMP_C35C3466-E495-4957-9588-38B78C88ACB1" /* Secrets.xcconfig */,
			);
			path = "sync-bar";
			sourceTree = "<group>";
		};
/* End PBXGroup section */

/* Begin PBXNativeTarget section */
		04919D39F5C90B60C332D8FF /* SyncBar */ = {
			isa = PBXNativeTarget;
			buildConfigurationList = E321FCFDC85AB88352BCC864 /* Build configuration list for PBXNativeTarget "SyncBar" */;
			buildPhases = (
				4EF9F1E03CB29B8B342E2B7E /* Sources */,
				99FF15FED947B3171F29FF12 /* Resources */,
				CC88CCA1847A4E5343F0010E /* Frameworks */,
			);
			buildRules = (
			);
			dependencies = (
			);
			name = SyncBar;
			packageProductDependencies = (
				2F64587A3E2A92BCECDDD46D /* KeychainAccess */,
				6F4F4D61CB3B30D505DADB44 /* Sparkle */,
			);
			productName = SyncBar;
			productReference = 21DAE03BA853301C8C1D49A7 /* SyncBar.app */;
			productType = "com.apple.product-type.application";
		};
		86FFFA733AF90FC2E16317C1 /* SyncBarTests */ = {
			isa = PBXNativeTarget;
			buildConfigurationList = 93ABD3D9B0CEFB8EB077263B /* Build configuration list for PBXNativeTarget "SyncBarTests" */;
			buildPhases = (
				308FB96BB9A998DBD4BC5A61 /* Sources */,
			);
			buildRules = (
			);
			dependencies = (
				5A01FBD113F515543EB9F068 /* PBXTargetDependency */,
			);
			name = SyncBarTests;
			packageProductDependencies = (
			);
			productName = SyncBarTests;
			productReference = BE21457C8AA4D32EF0224EAF /* SyncBarTests.xctest */;
			productType = "com.apple.product-type.bundle.unit-test";
		};
/* End PBXNativeTarget section */

/* Begin PBXProject section */
		F6B0015529074DF29F12918E /* Project object */ = {
			isa = PBXProject;
			attributes = {
				BuildIndependentTargetsInParallel = YES;
				LastUpgradeCheck = 1500;
				TargetAttributes = {
					04919D39F5C90B60C332D8FF = {
						DevelopmentTeam = 955GSY56UT;
						ProvisioningStyle = Automatic;
					};
					86FFFA733AF90FC2E16317C1 = {
						DevelopmentTeam = 955GSY56UT;
						ProvisioningStyle = Automatic;
					};
				};
			};
			buildConfigurationList = 6460F3A83E172CA98C03A7A4 /* Build configuration list for PBXProject "SyncBar" */;
			developmentRegion = en;
			hasScannedForEncodings = 0;
			knownRegions = (
				Base,
				en,
			);
			mainGroup = 7FD0C21D5F791F0E9C3BA23A;
			minimizedProjectReferenceProxies = 1;
			packageReferences = (
				ED757A5DFB1CDA4116FFB6BA /* XCRemoteSwiftPackageReference "KeychainAccess" */,
				ACA540016EC242BC28912B5D /* XCRemoteSwiftPackageReference "Sparkle" */,
			);
			preferredProjectObjectVersion = 77;
			productRefGroup = 7985C217DA0C45CD038EA0FF /* Products */;
			projectDirPath = "";
			projectRoot = "";
			targets = (
				04919D39F5C90B60C332D8FF /* SyncBar */,
				86FFFA733AF90FC2E16317C1 /* SyncBarTests */,
			);
		};
/* End PBXProject section */

/* Begin PBXResourcesBuildPhase section */
		99FF15FED947B3171F29FF12 /* Resources */ = {
			isa = PBXResourcesBuildPhase;
			buildActionMask = 2147483647;
			files = (
				A128ECDCDF532BDEAFFDE8BF /* Images.xcassets in Resources */,
			);
			runOnlyForDeploymentPostprocessing = 0;
		};
/* End PBXResourcesBuildPhase section */

/* Begin PBXSourcesBuildPhase section */
		308FB96BB9A998DBD4BC5A61 /* Sources */ = {
			isa = PBXSourcesBuildPhase;
			buildActionMask = 2147483647;
			files = (
				52D0E83E38E9BD3711A76577 /* AppleNotesEscapingTests.swift in Sources */,
				4D8224066BCE6E49B79B0868 /* DestinationBindingTests.swift in Sources */,
				4EF57B05F0BAC415B81FD277 /* GoogleAuthServiceTests.swift in Sources */,
				39EFEDD6F9A59DA7164A9F62 /* LedgerCascadeTests.swift in Sources */,
				EA2F064A2B09EF229ED066A0 /* LinearAuthServiceTests.swift in Sources */,
				12FEE73812A55C9F6A6B89DD /* MarkdownDestinationClientTests.swift in Sources */,
				D0241AA38EFDA7BCA467A245 /* NotionAuthServiceTests.swift in Sources */,
				E97E7F1A9A179CBD113AB0BA /* NotionPropertyMappingTests.swift in Sources */,
				3DAE612C0C0C6BCB4F3805C1 /* OAuthHelpersTests.swift in Sources */,
				AEB2D204F6366000C95C1BFE /* OCRPromptsTests.swift in Sources */,
				F4423A84714DC3804ADA4B66 /* RemarkableLinesV6Tests.swift in Sources */,
				ECAEA6509984388227E1AA6F /* RemarkableSyncIndexTests.swift in Sources */,
				9519B163D9630BFE4626B467 /* RulesEngineTests.swift in Sources */,
				A7ED868360B65ED45B6C5145 /* SyncCoordinatorTests.swift in Sources */,
				BBF4696E4605835F7BEC6410 /* TitleTemplateTests.swift in Sources */,
			);
			runOnlyForDeploymentPostprocessing = 0;
		};
		4EF9F1E03CB29B8B342E2B7E /* Sources */ = {
			isa = PBXSourcesBuildPhase;
			buildActionMask = 2147483647;
			files = (
				7257F3A2F2A5B2FDB06A0DB3 /* AddDestinationSheet.swift in Sources */,
				6DD2A25603DEC4202182EA7A /* AppDelegate.swift in Sources */,
				F0A5C6D90C891A583E9793B7 /* AppSettings.swift in Sources */,
				59E90EEF273D767A050E8A50 /* AppleNotesDestinationClient.swift in Sources */,
				7457DF4FEDB69078C22C13C3 /* AppleNotesForm.swift in Sources */,
				D848045BEEA61D415DDB1845 /* AuthSecrets.swift in Sources */,
				99BA1553433F84E58244F3A4 /* BindingEditorSheet.swift in Sources */,
				CCD0A8EAEC6BEA313FF08030 /* BindingFormState.swift in Sources */,
				D7A06B2ACC1BE2E2E35A627E /* CloudKitLedger.swift in Sources */,
				8B62698B57D3D1D8D64EC97F /* DestinationClient.swift in Sources */,
				BDF93CB5546DBDE5632AD6CC /* DestinationDetailScaffold.swift in Sources */,
				A533C596066618B9A7449302 /* Destinations.swift in Sources */,
				9334DBD00A36BF2FE391A59C /* DetailViews.swift in Sources */,
				780377FF5F9CA88F4BF88E6A /* Domain.swift in Sources */,
				2F8F838F6A1773F73C6F22B8 /* Formatters.swift in Sources */,
				43EA3BF9484643FE4A6A005A /* GoogleAuthService.swift in Sources */,
				4FDD38B3C0C1B27C04CF6B32 /* GoogleDocsDestinationClient.swift in Sources */,
				07A67EEE5865B9B8B244EC6F /* GoogleDocsForm.swift in Sources */,
				F94C29A150CA84DB0E02B97C /* HTTP.swift in Sources */,
				5F9BB24EDA8437DA9AC4C606 /* KeychainStore.swift in Sources */,
				6F8F4234ED74941C9ECCB519 /* LaunchAtLoginManager.swift in Sources */,
				95B727EA879D78DF719351F6 /* Ledger.swift in Sources */,
				6897BD419FFF87C144D978DC /* LinearAuthService.swift in Sources */,
				0F6319EAA7957DD266B2FE8C /* LinearDestinationClient.swift in Sources */,
				0A072012163598F2D4794472 /* LinearForm.swift in Sources */,
				0317356BF399F8D0BC68E13F /* Logger.swift in Sources */,
				8E7E5F470BFEF7422DBC5440 /* LoopbackOAuthServer.swift in Sources */,
				11F4951F8795760EA3D5CD95 /* MainView.swift in Sources */,
				A137034C16BAC7AF902CBD37 /* MarkdownDestinationClient.swift in Sources */,
				3706C4EBB70C7B5175028507 /* MarkdownForm.swift in Sources */,
				9585FB62A70C1F3533EBDE94 /* MenuBarPopover.swift in Sources */,
				B9F1110EEED3F1E1E3D2BFF1 /* NotebookListView.swift in Sources */,
				9B208718033008270892746B /* NotificationNames.swift in Sources */,
				66C2C18339DAED75B09963BC /* NotionAuthService.swift in Sources */,
				B5D78B69D49D8B66D1276A79 /* NotionClient.swift in Sources */,
				C0AF1653FFC346827702449E /* NotionColumnMappingRow.swift in Sources */,
				CF1412CBCCB5C7BFD9141064 /* NotionDestinationClient.swift in Sources */,
				820FB2B0386AEB0C36F9C376 /* NotionForm.swift in Sources */,
				3AF34BABC8EFCE873C8AEEAE /* OAuthWebSession.swift in Sources */,
				52D93112083E3EBED2507191 /* OCRPrompts.swift in Sources */,
				25E387422C298C0076E75E9F /* OcrProvider.swift in Sources */,
				885A367BA60B251852D06A0B /* RealNotionClient.swift in Sources */,
				4A31D076000D598390DDB635 /* RealRemarkableClient.swift in Sources */,
				FBBE2302A17BECCA49B31C24 /* RemarkableClient.swift in Sources */,
				80BFF32A3A540510EEE99CF1 /* RemarkableLinesV6.swift in Sources */,
				DA1C322FBB91CB81B9E2C526 /* RemarkableRenderer.swift in Sources */,
				7AC09EDF10507ED5B1013A38 /* RemarkableSyncIndex.swift in Sources */,
				62895DAA1D7EFEA1381A5862 /* RuleSheetView.swift in Sources */,
				31DB412761D2396F11E362CC /* RulesEngine.swift in Sources */,
				A82BA96DBC8EC84F3E17E46E /* SettingsDrawer.swift in Sources */,
				A273938A1674507BFEF712B9 /* SettingsView.swift in Sources */,
				C399D6211C519094F5C46471 /* SharedComponents.swift in Sources */,
				C5CFF2484571BE451F5271D0 /* Sidebar.swift in Sources */,
				4D485462A44E6DD3C96D11B9 /* SyncBarApp.swift in Sources */,
				AC44E658D7B6D4594CD45F36 /* SyncCoordinator.swift in Sources */,
				74BB3490E315DB57A3BECE26 /* SyncLogDrawer.swift in Sources */,
				5489F0C68B74E79E41BC45EF /* SyncLogView.swift in Sources */,
				AC9DEB8B767CDB4168E73C15 /* ThemeStore.swift in Sources */,
				F131A38FDE6FBDEDFB26E284 /* TitleTemplate.swift in Sources */,
				6BCEA4E229FD5280A2F131DE /* UpdaterManager.swift in Sources */,
				519C7D0D043D12B186DC919D /* WelcomeView.swift in Sources */,
			);
			runOnlyForDeploymentPostprocessing = 0;
		};
/* End PBXSourcesBuildPhase section */

/* Begin PBXTargetDependency section */
		5A01FBD113F515543EB9F068 /* PBXTargetDependency */ = {
			isa = PBXTargetDependency;
			target = 04919D39F5C90B60C332D8FF /* SyncBar */;
			targetProxy = 83DE9CCFF4F9BA6BF42CE202 /* PBXContainerItemProxy */;
		};
/* End PBXTargetDependency section */

/* Begin XCBuildConfiguration section */
		001ACCFB4B07F2C7E7A287E7 /* Release */ = {
			isa = XCBuildConfiguration;
			buildSettings = {
				BUNDLE_LOADER = "$(TEST_HOST)";
				CODE_SIGN_STYLE = Automatic;
				COMBINE_HIDPI_IMAGES = YES;
				ENABLE_HARDENED_RUNTIME = NO;
				GENERATE_INFOPLIST_FILE = YES;
				LD_RUNPATH_SEARCH_PATHS = (
					"$(inherited)",
					"@executable_path/../Frameworks",
					"@loader_path/../Frameworks",
				);
				MACOSX_DEPLOYMENT_TARGET = 14.0;
				PRODUCT_BUNDLE_IDENTIFIER = com.strategicnerds.SyncBarTests;
				SDKROOT = macosx;
				SWIFT_VERSION = 5.9;
				TEST_HOST = "$(BUILT_PRODUCTS_DIR)/SyncBar.app/Contents/MacOS/SyncBar";
			};
			name = Release;
		};
		129A069E4F038B9D2FD1CEA3 /* Debug */ = {
			isa = XCBuildConfiguration;
			buildSettings = {
				BUNDLE_LOADER = "$(TEST_HOST)";
				CODE_SIGN_STYLE = Automatic;
				COMBINE_HIDPI_IMAGES = YES;
				ENABLE_HARDENED_RUNTIME = NO;
				GENERATE_INFOPLIST_FILE = YES;
				LD_RUNPATH_SEARCH_PATHS = (
					"$(inherited)",
					"@executable_path/../Frameworks",
					"@loader_path/../Frameworks",
				);
				MACOSX_DEPLOYMENT_TARGET = 14.0;
				PRODUCT_BUNDLE_IDENTIFIER = com.strategicnerds.SyncBarTests;
				SDKROOT = macosx;
				SWIFT_VERSION = 5.9;
				TEST_HOST = "$(BUILT_PRODUCTS_DIR)/SyncBar.app/Contents/MacOS/SyncBar";
			};
			name = Debug;
		};
		38DCABFEF56B8EC031D558FE /* Release */ = {
			isa = XCBuildConfiguration;
			buildSettings = {
				ALWAYS_SEARCH_USER_PATHS = NO;
				CLANG_ANALYZER_NONNULL = YES;
				CLANG_ANALYZER_NUMBER_OBJECT_CONVERSION = YES_AGGRESSIVE;
				CLANG_CXX_LANGUAGE_STANDARD = "gnu++14";
				CLANG_CXX_LIBRARY = "libc++";
				CLANG_ENABLE_MODULES = YES;
				CLANG_ENABLE_OBJC_ARC = YES;
				CLANG_ENABLE_OBJC_WEAK = YES;
				CLANG_WARN_BLOCK_CAPTURE_AUTORELEASING = YES;
				CLANG_WARN_BOOL_CONVERSION = YES;
				CLANG_WARN_COMMA = YES;
				CLANG_WARN_CONSTANT_CONVERSION = YES;
				CLANG_WARN_DEPRECATED_OBJC_IMPLEMENTATIONS = YES;
				CLANG_WARN_DIRECT_OBJC_ISA_USAGE = YES_ERROR;
				CLANG_WARN_DOCUMENTATION_COMMENTS = YES;
				CLANG_WARN_EMPTY_BODY = YES;
				CLANG_WARN_ENUM_CONVERSION = YES;
				CLANG_WARN_INFINITE_RECURSION = YES;
				CLANG_WARN_INT_CONVERSION = YES;
				CLANG_WARN_NON_LITERAL_NULL_CONVERSION = YES;
				CLANG_WARN_OBJC_IMPLICIT_RETAIN_SELF = YES;
				CLANG_WARN_OBJC_LITERAL_CONVERSION = YES;
				CLANG_WARN_OBJC_ROOT_CLASS = YES_ERROR;
				CLANG_WARN_QUOTED_INCLUDE_IN_FRAMEWORK_HEADER = YES;
				CLANG_WARN_RANGE_LOOP_ANALYSIS = YES;
				CLANG_WARN_STRICT_PROTOTYPES = YES;
				CLANG_WARN_SUSPICIOUS_MOVE = YES;
				CLANG_WARN_UNGUARDED_AVAILABILITY = YES_AGGRESSIVE;
				CLANG_WARN_UNREACHABLE_CODE = YES;
				CLANG_WARN__DUPLICATE_METHOD_MATCH = YES;
				CODE_SIGN_STYLE = Automatic;
				COPY_PHASE_STRIP = NO;
				DEBUG_INFORMATION_FORMAT = "dwarf-with-dsym";
				DEVELOPMENT_TEAM = 955GSY56UT;
				ENABLE_APP_SANDBOX = NO;
				ENABLE_HARDENED_RUNTIME = YES;
				ENABLE_NS_ASSERTIONS = NO;
				ENABLE_STRICT_OBJC_MSGSEND = YES;
				GCC_C_LANGUAGE_STANDARD = gnu11;
				GCC_NO_COMMON_BLOCKS = YES;
				GCC_WARN_64_TO_32_BIT_CONVERSION = YES;
				GCC_WARN_ABOUT_RETURN_TYPE = YES_ERROR;
				GCC_WARN_UNDECLARED_SELECTOR = YES;
				GCC_WARN_UNINITIALIZED_AUTOS = YES_AGGRESSIVE;
				GCC_WARN_UNUSED_FUNCTION = YES;
				GCC_WARN_UNUSED_VARIABLE = YES;
				MACOSX_DEPLOYMENT_TARGET = 14.0;
				MTL_ENABLE_DEBUG_INFO = NO;
				MTL_FAST_MATH = YES;
				PRODUCT_NAME = "$(TARGET_NAME)";
				SDKROOT = macosx;
				SWIFT_COMPILATION_MODE = wholemodule;
				SWIFT_OPTIMIZATION_LEVEL = "-O";
				SWIFT_STRICT_CONCURRENCY = complete;
				SWIFT_VERSION = 5.9;
			};
			name = Release;
		};
		4770FD3F8B85FDC669DB2108 /* Debug */ = {
			isa = XCBuildConfiguration;
			baseConfigurationReference = "TEMP_C35C3466-E495-4957-9588-38B78C88ACB1" /* Secrets.xcconfig */;
			buildSettings = {
				ASSETCATALOG_COMPILER_APPICON_NAME = AppIcon;
				CODE_SIGN_ENTITLEMENTS = SyncBar.entitlements;
				COMBINE_HIDPI_IMAGES = YES;
				CURRENT_PROJECT_VERSION = 1;
				INFOPLIST_FILE = Info.plist;
				LD_RUNPATH_SEARCH_PATHS = (
					"$(inherited)",
					"@executable_path/../Frameworks",
				);
				LS_MINIMUM_SYSTEM_VERSION = 14.0;
				MARKETING_VERSION = 0.1.0;
				PRODUCT_BUNDLE_IDENTIFIER = com.strategicnerds.SyncBar;
				PRODUCT_NAME = SyncBar;
				SDKROOT = macosx;
			};
			name = Debug;
		};
		6B02B8A9AA39AFE5EAF66544 /* Release */ = {
			isa = XCBuildConfiguration;
			baseConfigurationReference = "TEMP_C35C3466-E495-4957-9588-38B78C88ACB1" /* Secrets.xcconfig */;
			buildSettings = {
				ASSETCATALOG_COMPILER_APPICON_NAME = AppIcon;
				CODE_SIGN_ENTITLEMENTS = SyncBar.entitlements;
				COMBINE_HIDPI_IMAGES = YES;
				CURRENT_PROJECT_VERSION = 1;
				INFOPLIST_FILE = Info.plist;
				LD_RUNPATH_SEARCH_PATHS = (
					"$(inherited)",
					"@executable_path/../Frameworks",
				);
				LS_MINIMUM_SYSTEM_VERSION = 14.0;
				MARKETING_VERSION = 0.1.0;
				PRODUCT_BUNDLE_IDENTIFIER = com.strategicnerds.SyncBar;
				PRODUCT_NAME = SyncBar;
				SDKROOT = macosx;
			};
			name = Release;
		};
		934F4E594CBC10D348C62B77 /* Debug */ = {
			isa = XCBuildConfiguration;
			buildSettings = {
				ALWAYS_SEARCH_USER_PATHS = NO;
				CLANG_ANALYZER_NONNULL = YES;
				CLANG_ANALYZER_NUMBER_OBJECT_CONVERSION = YES_AGGRESSIVE;
				CLANG_CXX_LANGUAGE_STANDARD = "gnu++14";
				CLANG_CXX_LIBRARY = "libc++";
				CLANG_ENABLE_MODULES = YES;
				CLANG_ENABLE_OBJC_ARC = YES;
				CLANG_ENABLE_OBJC_WEAK = YES;
				CLANG_WARN_BLOCK_CAPTURE_AUTORELEASING = YES;
				CLANG_WARN_BOOL_CONVERSION = YES;
				CLANG_WARN_COMMA = YES;
				CLANG_WARN_CONSTANT_CONVERSION = YES;
				CLANG_WARN_DEPRECATED_OBJC_IMPLEMENTATIONS = YES;
				CLANG_WARN_DIRECT_OBJC_ISA_USAGE = YES_ERROR;
				CLANG_WARN_DOCUMENTATION_COMMENTS = YES;
				CLANG_WARN_EMPTY_BODY = YES;
				CLANG_WARN_ENUM_CONVERSION = YES;
				CLANG_WARN_INFINITE_RECURSION = YES;
				CLANG_WARN_INT_CONVERSION = YES;
				CLANG_WARN_NON_LITERAL_NULL_CONVERSION = YES;
				CLANG_WARN_OBJC_IMPLICIT_RETAIN_SELF = YES;
				CLANG_WARN_OBJC_LITERAL_CONVERSION = YES;
				CLANG_WARN_OBJC_ROOT_CLASS = YES_ERROR;
				CLANG_WARN_QUOTED_INCLUDE_IN_FRAMEWORK_HEADER = YES;
				CLANG_WARN_RANGE_LOOP_ANALYSIS = YES;
				CLANG_WARN_STRICT_PROTOTYPES = YES;
				CLANG_WARN_SUSPICIOUS_MOVE = YES;
				CLANG_WARN_UNGUARDED_AVAILABILITY = YES_AGGRESSIVE;
				CLANG_WARN_UNREACHABLE_CODE = YES;
				CLANG_WARN__DUPLICATE_METHOD_MATCH = YES;
				CODE_SIGN_STYLE = Automatic;
				COPY_PHASE_STRIP = NO;
				DEBUG_INFORMATION_FORMAT = dwarf;
				DEVELOPMENT_TEAM = 955GSY56UT;
				ENABLE_APP_SANDBOX = NO;
				ENABLE_HARDENED_RUNTIME = NO;
				ENABLE_STRICT_OBJC_MSGSEND = YES;
				ENABLE_TESTABILITY = YES;
				GCC_C_LANGUAGE_STANDARD = gnu11;
				GCC_DYNAMIC_NO_PIC = NO;
				GCC_NO_COMMON_BLOCKS = YES;
				GCC_OPTIMIZATION_LEVEL = 0;
				GCC_PREPROCESSOR_DEFINITIONS = (
					"$(inherited)",
					"DEBUG=1",
				);
				GCC_WARN_64_TO_32_BIT_CONVERSION = YES;
				GCC_WARN_ABOUT_RETURN_TYPE = YES_ERROR;
				GCC_WARN_UNDECLARED_SELECTOR = YES;
				GCC_WARN_UNINITIALIZED_AUTOS = YES_AGGRESSIVE;
				GCC_WARN_UNUSED_FUNCTION = YES;
				GCC_WARN_UNUSED_VARIABLE = YES;
				MACOSX_DEPLOYMENT_TARGET = 14.0;
				MERGEABLE_LIBRARY = NO;
				MERGED_BINARY_TYPE = manual;
				MTL_ENABLE_DEBUG_INFO = INCLUDE_SOURCE;
				MTL_FAST_MATH = YES;
				ONLY_ACTIVE_ARCH = YES;
				PRODUCT_NAME = "$(TARGET_NAME)";
				SDKROOT = macosx;
				SWIFT_ACTIVE_COMPILATION_CONDITIONS = DEBUG;
				SWIFT_OPTIMIZATION_LEVEL = "-Onone";
				SWIFT_STRICT_CONCURRENCY = complete;
				SWIFT_VERSION = 5.9;
			};
			name = Debug;
		};
/* End XCBuildConfiguration section */

/* Begin XCConfigurationList section */
		6460F3A83E172CA98C03A7A4 /* Build configuration list for PBXProject "SyncBar" */ = {
			isa = XCConfigurationList;
			buildConfigurations = (
				934F4E594CBC10D348C62B77 /* Debug */,
				38DCABFEF56B8EC031D558FE /* Release */,
			);
			defaultConfigurationIsVisible = 0;
			defaultConfigurationName = Debug;
		};
		93ABD3D9B0CEFB8EB077263B /* Build configuration list for PBXNativeTarget "SyncBarTests" */ = {
			isa = XCConfigurationList;
			buildConfigurations = (
				129A069E4F038B9D2FD1CEA3 /* Debug */,
				001ACCFB4B07F2C7E7A287E7 /* Release */,
			);
			defaultConfigurationIsVisible = 0;
			defaultConfigurationName = Debug;
		};
		E321FCFDC85AB88352BCC864 /* Build configuration list for PBXNativeTarget "SyncBar" */ = {
			isa = XCConfigurationList;
			buildConfigurations = (
				4770FD3F8B85FDC669DB2108 /* Debug */,
				6B02B8A9AA39AFE5EAF66544 /* Release */,
			);
			defaultConfigurationIsVisible = 0;
			defaultConfigurationName = Debug;
		};
/* End XCConfigurationList section */

/* Begin XCRemoteSwiftPackageReference section */
		ACA540016EC242BC28912B5D /* XCRemoteSwiftPackageReference "Sparkle" */ = {
			isa = XCRemoteSwiftPackageReference;
			repositoryURL = "https://github.com/sparkle-project/Sparkle";
			requirement = {
				kind = upToNextMajorVersion;
				minimumVersion = 2.6.0;
			};
		};
		ED757A5DFB1CDA4116FFB6BA /* XCRemoteSwiftPackageReference "KeychainAccess" */ = {
			isa = XCRemoteSwiftPackageReference;
			repositoryURL = "https://github.com/kishikawakatsumi/KeychainAccess";
			requirement = {
				kind = upToNextMajorVersion;
				minimumVersion = 4.0.0;
			};
		};
/* End XCRemoteSwiftPackageReference section */

/* Begin XCSwiftPackageProductDependency section */
		2F64587A3E2A92BCECDDD46D /* KeychainAccess */ = {
			isa = XCSwiftPackageProductDependency;
			package = ED757A5DFB1CDA4116FFB6BA /* XCRemoteSwiftPackageReference "KeychainAccess" */;
			productName = KeychainAccess;
		};
		6F4F4D61CB3B30D505DADB44 /* Sparkle */ = {
			isa = XCSwiftPackageProductDependency;
			package = ACA540016EC242BC28912B5D /* XCRemoteSwiftPackageReference "Sparkle" */;
			productName = Sparkle;
		};
/* End XCSwiftPackageProductDependency section */
	};
	rootObject = F6B0015529074DF29F12918E /* Project object */;
}
